
Microsoft Visual Studio Solution File, Format Version 12.00
# Visual Studio 15
VisualStudioVersion = 15.0.26730.8
MinimumVisualStudioVersion = 10.0.40219.1
Project("{FAE04EC0-301F-11D3-BF4B-00C04F79EFBC}") = "FinalBoostrapIntro", "FinalBoostrapIntro\FinalBoostrapIntro.csproj", "{4CA424DD-2397-4203-BDA4-B79BB44B4EF5}"
EndProject
Global
	GlobalSection(SolutionConfigurationPlatforms) = preSolution
		Debug|Any CPU = Debug|Any CPU
		Release|Any CPU = Release|Any CPU
	EndGlobalSection
	GlobalSection(ProjectConfigurationPlatforms) = postSolution
		{4CA424DD-2397-4203-BDA4-B79BB44B4EF5}.Debug|Any CPU.ActiveCfg = Debug|Any CPU
		{4CA424DD-2397-4203-BDA4-B79BB44B4EF5}.Debug|Any CPU.Build.0 = Debug|Any CPU
		{4CA424DD-2397-4203-BDA4-B79BB44B4EF5}.Release|Any CPU.ActiveCfg = Release|Any CPU
		{4CA424DD-2397-4203-BDA4-B79BB44B4EF5}.Release|Any CPU.Build.0 = Release|Any CPU
	EndGlobalSection
	GlobalSection(SolutionProperties) = preSolution
		HideSolutionNode = FALSE
	EndGlobalSection
	GlobalSection(ExtensibilityGlobals) = postSolution
		SolutionGuid = {C3213864-1C2A-4BF9-85A3-9D654A2C54C6}
	EndGlobalSection
EndGlobal
